// !$*UTF8*$!
{
	archiveVersion = 1;
	classes = {
	};
	objectVersion = 56;
	objects = {

/* Begin PBXBuildFile section */
		922FEF7329B4D66B000806D8 /* Person.swift in Sources */ = {isa = PBXBuildFile; fileRef = 922FEF7229B4D66B000806D8 /* Person.swift */; };
		922FEF7629B4D9E8000806D8 /* TabBarViewController.swift in Sources */ = {isa = PBXBuildFile; fileRef = 922FEF7529B4D9E8000806D8 /* TabBarViewController.swift */; };
		922FEF7829B4DA02000806D8 /* ContactListViewController.swift in Sources */ = {isa = PBXBuildFile; fileRef = 922FEF7729B4DA02000806D8 /* ContactListViewController.swift */; };
		922FEF7A29B4DA18000806D8 /* SectionTableViewController.swift in Sources */ = {isa = PBXBuildFile; fileRef = 922FEF7929B4DA18000806D8 /* SectionTableViewController.swift */; };
		924FCEDD29A11CCB0093B7DF /* AppDelegate.swift in Sources */ = {isa = PBXBuildFile; fileRef = 924FCEDC29A11CCB0093B7DF /* AppDelegate.swift */; };
		924FCEDF29A11CCB0093B7DF /* SceneDelegate.swift in Sources */ = {isa = PBXBuildFile; fileRef = 924FCEDE29A11CCB0093B7DF /* SceneDelegate.swift */; };
		924FCEE129A11CCB0093B7DF /* ContactDetailsViewController.swift in Sources */ = {isa = PBXBuildFile; fileRef = 924FCEE029A11CCB0093B7DF /* ContactDetailsViewController.swift */; };
		924FCEE429A11CCB0093B7DF /* Main.storyboard in Resources */ = {isa = PBXBuildFile; fileRef = 924FCEE229A11CCB0093B7DF /* Main.storyboard */; };
		924FCEE629A11CCC0093B7DF /* Assets.xcassets in Resources */ = {isa = PBXBuildFile; fileRef = 924FCEE529A11CCC0093B7DF /* Assets.xcassets */; };
		924FCEE929A11CCC0093B7DF /* LaunchScreen.storyboard in Resources */ = {isa = PBXBuildFile; fileRef = 924FCEE729A11CCC0093B7DF /* LaunchScreen.storyboard */; };
		924FCEF129A11CF70093B7DF /* DataManager.swift in Sources */ = {isa = PBXBuildFile; fileRef = 924FCEF029A11CF70093B7DF /* DataManager.swift */; };
/* End PBXBuildFile section */

/* Begin PBXFileReference section */
		922FEF7229B4D66B000806D8 /* Person.swift */ = {isa = PBXFileReference; lastKnownFileType = sourcecode.swift; path = Person.swift; sourceTree = "<group>"; };
		922FEF7529B4D9E8000806D8 /* TabBarViewController.swift */ = {isa = PBXFileReference; lastKnownFileType = sourcecode.swift; path = TabBarViewController.swift; sourceTree = "<group>"; };
		922FEF7729B4DA02000806D8 /* ContactListViewController.swift */ = {isa = PBXFileReference; lastKnownFileType = sourcecode.swift; path = ContactListViewController.swift; sourceTree = "<group>"; };
		922FEF7929B4DA18000806D8 /* SectionTableViewController.swift */ = {isa = PBXFileReference; lastKnownFileType = sourcecode.swift; path = SectionTableViewController.swift; sourceTree = "<group>"; };
		924FCED929A11CCB0093B7DF /* TableViewContacts.app */ = {isa = PBXFileReference; explicitFileType = wrapper.application; includeInIndex = 0; path = TableViewContacts.app; sourceTree = BUILT_PRODUCTS_DIR; };
		924FCEDC29A11CCB0093B7DF /* AppDelegate.swift */ = {isa = PBXFileReference; lastKnownFileType = sourcecode.swift; path = AppDelegate.swift; sourceTree = "<group>"; };
		924FCEDE29A11CCB0093B7DF /* SceneDelegate.swift */ = {isa = PBXFileReference; lastKnownFileType = sourcecode.swift; path = SceneDelegate.swift; sourceTree = "<group>"; };
		924FCEE029A11CCB0093B7DF /* ContactDetailsViewController.swift */ = {isa = PBXFileReference; lastKnownFileType = sourcecode.swift; path = ContactDetailsViewController.swift; sourceTree = "<group>"; };
		924FCEE329A11CCB0093B7DF /* Base */ = {isa = PBXFileReference; lastKnownFileType = file.storyboard; name = Base; path = Base.lproj/Main.storyboard; sourceTree = "<group>"; };
		924FCEE529A11CCC0093B7DF /* Assets.xcassets */ = {isa = PBXFileReference; lastKnownFileType = folder.assetcatalog; path = Assets.xcassets; sourceTree = "<group>"; };
		924FCEE829A11CCC0093B7DF /* Base */ = {isa = PBXFileReference; lastKnownFileType = file.storyboard; name = Base; path = Base.lproj/LaunchScreen.storyboard; sourceTree = "<group>"; };
		924FCEEA29A11CCC0093B7DF /* Info.plist */ = {isa = PBXFileReference; lastKnownFileType = text.plist.xml; path = Info.plist; sourceTree = "<group>"; };
		924FCEF029A11CF70093B7DF /* DataManager.swift */ = {isa = PBXFileReference; lastKnownFileType = sourcecode.swift; path = DataManager.swift; sourceTree = "<group>"; };
/* End PBXFileReference section */

/* Begin PBXFrameworksBuildPhase section */
		924FCED629A11CCB0093B7DF /* Frameworks */ = {
			isa = PBXFrameworksBuildPhase;
			buildActionMask = 2147483647;
			files = (
			);
			runOnlyForDeploymentPostprocessing = 0;
		};
/* End PBXFrameworksBuildPhase section */

/* Begin PBXGroup section */
		922FEF6E29A7ADD6000806D8 /* Services */ = {
			isa = PBXGroup;
			children = (
				924FCEF029A11CF70093B7DF /* DataManager.swift */,
			);
			path = Services;
			sourceTree = "<group>";
		};
		922FEF6F29A7ADEC000806D8 /* StoryBoards */ = {
			isa = PBXGroup;
			children = (
				924FCEE229A11CCB0093B7DF /* Main.storyboard */,
				924FCEE729A11CCC0093B7DF /* LaunchScreen.storyboard */,
			);
			path = StoryBoards;
			sourceTree = "<group>";
		};
		922FEF7029B4C973000806D8 /* Resources */ = {
			isa = PBXGroup;
			children = (
				924FCEE529A11CCC0093B7DF /* Assets.xcassets */,
				924FCEEA29A11CCC0093B7DF /* Info.plist */,
			);
			path = Resources;
			sourceTree = "<group>";
		};
		922FEF7129B4C991000806D8 /* ViewControllers */ = {
			isa = PBXGroup;
			children = (
				924FCEE029A11CCB0093B7DF /* ContactDetailsViewController.swift */,
				922FEF7529B4D9E8000806D8 /* TabBarViewController.swift */,
				922FEF7729B4DA02000806D8 /* ContactListViewController.swift */,
				922FEF7929B4DA18000806D8 /* SectionTableViewController.swift */,
			);
			path = ViewControllers;
			sourceTree = "<group>";
		};
		922FEF7429B4D66F000806D8 /* Models */ = {
			isa = PBXGroup;
			children = (
				922FEF7229B4D66B000806D8 /* Person.swift */,
			);
			path = Models;
			sourceTree = "<group>";
		};
		924FCED029A11CCB0093B7DF = {
			isa = PBXGroup;
			children = (
				922FEF7129B4C991000806D8 /* ViewControllers */,
				922FEF7429B4D66F000806D8 /* Models */,
				922FEF6E29A7ADD6000806D8 /* Services */,
				922FEF6F29A7ADEC000806D8 /* StoryBoards */,
				924FCEDB29A11CCB0093B7DF /* App */,
				922FEF7029B4C973000806D8 /* Resources */,
				924FCEDA29A11CCB0093B7DF /* Products */,
			);
			sourceTree = "<group>";
		};
		924FCEDA29A11CCB0093B7DF /* Products */ = {
			isa = PBXGroup;
			children = (
				924FCED929A11CCB0093B7DF /* TableViewContacts.app */,
			);
			name = Products;
			sourceTree = "<group>";
		};
		924FCEDB29A11CCB0093B7DF /* App */ = {
			isa = PBXGroup;
			children = (
				924FCEDC29A11CCB0093B7DF /* AppDelegate.swift */,
				924FCEDE29A11CCB0093B7DF /* SceneDelegate.swift */,
			);
			path = App;
			sourceTree = "<group>";
		};
/* End PBXGroup section */

/* Begin PBXNativeTarget section */
		924FCED829A11CCB0093B7DF /* TableViewContacts */ = {
			isa = PBXNativeTarget;
			buildConfigurationList = 924FCEED29A11CCC0093B7DF /* Build configuration list for PBXNativeTarget "TableViewContacts" */;
			buildPhases = (
				924FCED529A11CCB0093B7DF /* Sources */,
				924FCED629A11CCB0093B7DF /* Frameworks */,
				924FCED729A11CCB0093B7DF /* Resources */,
			);
			buildRules = (
			);
			dependencies = (
			);
			name = TableViewContacts;
			productName = TableViewContacts;
			productReference = 924FCED929A11CCB0093B7DF /* TableViewContacts.app */;
			productType = "com.apple.product-type.application";
		};
/* End PBXNativeTarget section */

/* Begin PBXProject section */
		924FCED129A11CCB0093B7DF /* Project object */ = {
			isa = PBXProject;
			attributes = {
				BuildIndependentTargetsInParallel = 1;
				LastSwiftUpdateCheck = 1420;
				LastUpgradeCheck = 1420;
				TargetAttributes = {
					924FCED829A11CCB0093B7DF = {
						CreatedOnToolsVersion = 14.2;
					};
				};
			};
			buildConfigurationList = 924FCED429A11CCB0093B7DF /* Build configuration list for PBXProject "TableViewContacts" */;
			compatibilityVersion = "Xcode 14.0";
			developmentRegion = en;
			hasScannedForEncodings = 0;
			knownRegions = (
				en,
				Base,
			);
			mainGroup = 924FCED029A11CCB0093B7DF;
			productRefGroup = 924FCEDA29A11CCB0093B7DF /* Products */;
			projectDirPath = "";
			projectRoot = "";
			targets = (
				924FCED829A11CCB0093B7DF /* TableViewContacts */,
			);
		};
/* End PBXProject section */

/* Begin PBXResourcesBuildPhase section */
		924FCED729A11CCB0093B7DF /* Resources */ = {
			isa = PBXResourcesBuildPhase;
			buildActionMask = 2147483647;
			files = (
				924FCEE929A11CCC0093B7DF /* LaunchScreen.storyboard in Resources */,
				924FCEE629A11CCC0093B7DF /* Assets.xcassets in Resources */,
				924FCEE429A11CCB0093B7DF /* Main.storyboard in Resources */,
			);
			runOnlyForDeploymentPostprocessing = 0;
		};
/* End PBXResourcesBuildPhase section */

/* Begin PBXSourcesBuildPhase section */
		924FCED529A11CCB0093B7DF /* Sources */ = {
			isa = PBXSourcesBuildPhase;
			buildActionMask = 2147483647;
			files = (
				922FEF7329B4D66B000806D8 /* Person.swift in Sources */,
				924FCEE129A11CCB0093B7DF /* ContactDetailsViewController.swift in Sources */,
				924FCEF129A11CF70093B7DF /* DataManager.swift in Sources */,
				924FCEDD29A11CCB0093B7DF /* AppDelegate.swift in Sources */,
				922FEF7629B4D9E8000806D8 /* TabBarViewController.swift in Sources */,
				922FEF7829B4DA02000806D8 /* ContactListViewController.swift in Sources */,
				922FEF7A29B4DA18000806D8 /* SectionTableViewController.swift in Sources */,
				924FCEDF29A11CCB0093B7DF /* SceneDelegate.swift in Sources */,
			);
			runOnlyForDeploymentPostprocessing = 0;
		};
/* End PBXSourcesBuildPhase section */

/* Begin PBXVariantGroup section */
		924FCEE229A11CCB0093B7DF /* Main.storyboard */ = {
			isa = PBXVariantGroup;
			children = (
				924FCEE329A11CCB0093B7DF /* Base */,
			);
			name = Main.storyboard;
			sourceTree = "<group>";
		};
		924FCEE729A11CCC0093B7DF /* LaunchScreen.storyboard */ = {
			isa = PBXVariantGroup;
			children = (
				924FCEE829A11CCC0093B7DF /* Base */,
			);
			name = LaunchScreen.storyboard;
			sourceTree = "<group>";
		};
/* End PBXVariantGroup section */

/* Begin XCBuildConfiguration section */
		924FCEEB29A11CCC0093B7DF /* Debug */ = {
			isa = XCBuildConfiguration;
			buildSettings = {
				ALWAYS_SEARCH_USER_PATHS = NO;
				CLANG_ANALYZER_NONNULL = YES;
				CLANG_ANALYZER_NUMBER_OBJECT_CONVERSION = YES_AGGRESSIVE;
				CLANG_CXX_LANGUAGE_STANDARD = "gnu++20";
				CLANG_ENABLE_MODULES = YES;
				CLANG_ENABLE_OBJC_ARC = YES;
				CLANG_ENABLE_OBJC_WEAK = YES;
				CLANG_WARN_BLOCK_CAPTURE_AUTORELEASING = YES;
				CLANG_WARN_BOOL_CONVERSION = YES;
				CLANG_WARN_COMMA = YES;
				CLANG_WARN_CONSTANT_CONVERSION = YES;
				CLANG_WARN_DEPRECATED_OBJC_IMPLEMENTATIONS = YES;
				CLANG_WARN_DIRECT_OBJC_ISA_USAGE = YES_ERROR;
				CLANG_WARN_DOCUMENTATION_COMMENTS = YES;
				CLANG_WARN_EMPTY_BODY = YES;
				CLANG_WARN_ENUM_CONVERSION = YES;
				CLANG_WARN_INFINITE_RECURSION = YES;
				CLANG_WARN_INT_CONVERSION = YES;
				CLANG_WARN_NON_LITERAL_NULL_CONVERSION = YES;
				CLANG_WARN_OBJC_IMPLICIT_RETAIN_SELF = YES;
				CLANG_WARN_OBJC_LITERAL_CONVERSION = YES;
				CLANG_WARN_OBJC_ROOT_CLASS = YES_ERROR;
				CLANG_WARN_QUOTED_INCLUDE_IN_FRAMEWORK_HEADER = YES;
				CLANG_WARN_RANGE_LOOP_ANALYSIS = YES;
				CLANG_WARN_STRICT_PROTOTYPES = YES;
				CLANG_WARN_SUSPICIOUS_MOVE = YES;
				CLANG_WARN_UNGUARDED_AVAILABILITY = YES_AGGRESSIVE;
				CLANG_WARN_UNREACHABLE_CODE = YES;
				CLANG_WARN__DUPLICATE_METHOD_MATCH = YES;
				COPY_PHASE_STRIP = NO;
				DEBUG_INFORMATION_FORMAT = dwarf;
				ENABLE_STRICT_OBJC_MSGSEND = YES;
				ENABLE_TESTABILITY = YES;
				GCC_C_LANGUAGE_STANDARD = gnu11;
				GCC_DYNAMIC_NO_PIC = NO;
				GCC_NO_COMMON_BLOCKS = YES;
				GCC_OPTIMIZATION_LEVEL = 0;
				GCC_PREPROCESSOR_DEFINITIONS = (
					"DEBUG=1",
					"$(inherited)",
				);
				GCC_WARN_64_TO_32_BIT_CONVERSION = YES;
				GCC_WARN_ABOUT_RETURN_TYPE = YES_ERROR;
				GCC_WARN_UNDECLARED_SELECTOR = YES;
				GCC_WARN_UNINITIALIZED_AUTOS = YES_AGGRESSIVE;
				GCC_WARN_UNUSED_FUNCTION = YES;
				GCC_WARN_UNUSED_VARIABLE = YES;
				IPHONEOS_DEPLOYMENT_TARGET = 16.2;
				MTL_ENABLE_DEBUG_INFO = INCLUDE_SOURCE;
				MTL_FAST_MATH = YES;
				ONLY_ACTIVE_ARCH = YES;
				SDKROOT = iphoneos;
				SWIFT_ACTIVE_COMPILATION_CONDITIONS = DEBUG;
				SWIFT_OPTIMIZATION_LEVEL = "-Onone";
			};
			name = Debug;
		};
		924FCEEC29A11CCC0093B7DF /* Release */ = {
			isa = XCBuildConfiguration;
			buildSettings = {
				ALWAYS_SEARCH_USER_PATHS = NO;
				CLANG_ANALYZER_NONNULL = YES;
				CLANG_ANALYZER_NUMBER_OBJECT_CONVERSION = YES_AGGRESSIVE;
				CLANG_CXX_LANGUAGE_STANDARD = "gnu++20";
				CLANG_ENABLE_MODULES = YES;
				CLANG_ENABLE_OBJC_ARC = YES;
				CLANG_ENABLE_OBJC_WEAK = YES;
				CLANG_WARN_BLOCK_CAPTURE_AUTORELEASING = YES;
				CLANG_WARN_BOOL_CONVERSION = YES;
				CLANG_WARN_COMMA = YES;
				CLANG_WARN_CONSTANT_CONVERSION = YES;
				CLANG_WARN_DEPRECATED_OBJC_IMPLEMENTATIONS = YES;
				CLANG_WARN_DIRECT_OBJC_ISA_USAGE = YES_ERROR;
				CLANG_WARN_DOCUMENTATION_COMMENTS = YES;
				CLANG_WARN_EMPTY_BODY = YES;
				CLANG_WARN_ENUM_CONVERSION = YES;
				CLANG_WARN_INFINITE_RECURSION = YES;
				CLANG_WARN_INT_CONVERSION = YES;
				CLANG_WARN_NON_LITERAL_NULL_CONVERSION = YES;
				CLANG_WARN_OBJC_IMPLICIT_RETAIN_SELF = YES;
				CLANG_WARN_OBJC_LITERAL_CONVERSION = YES;
				CLANG_WARN_OBJC_ROOT_CLASS = YES_ERROR;
				CLANG_WARN_QUOTED_INCLUDE_IN_FRAMEWORK_HEADER = YES;
				CLANG_WARN_RANGE_LOOP_ANALYSIS = YES;
				CLANG_WARN_STRICT_PROTOTYPES = YES;
				CLANG_WARN_SUSPICIOUS_MOVE = YES;
				CLANG_WARN_UNGUARDED_AVAILABILITY = YES_AGGRESSIVE;
				CLANG_WARN_UNREACHABLE_CODE = YES;
				CLANG_WARN__DUPLICATE_METHOD_MATCH = YES;
				COPY_PHASE_STRIP = NO;
				DEBUG_INFORMATION_FORMAT = "dwarf-with-dsym";
				ENABLE_NS_ASSERTIONS = NO;
				ENABLE_STRICT_OBJC_MSGSEND = YES;
				GCC_C_LANGUAGE_STANDARD = gnu11;
				GCC_NO_COMMON_BLOCKS = YES;
				GCC_WARN_64_TO_32_BIT_CONVERSION = YES;
				GCC_WARN_ABOUT_RETURN_TYPE = YES_ERROR;
				GCC_WARN_UNDECLARED_SELECTOR = YES;
				GCC_WARN_UNINITIALIZED_AUTOS = YES_AGGRESSIVE;
				GCC_WARN_UNUSED_FUNCTION = YES;
				GCC_WARN_UNUSED_VARIABLE = YES;
				IPHONEOS_DEPLOYMENT_TARGET = 16.2;
				MTL_ENABLE_DEBUG_INFO = NO;
				MTL_FAST_MATH = YES;
				SDKROOT = iphoneos;
				SWIFT_COMPILATION_MODE = wholemodule;
				SWIFT_OPTIMIZATION_LEVEL = "-O";
				VALIDATE_PRODUCT = YES;
			};
			name = Release;
		};
		924FCEEE29A11CCC0093B7DF /* Debug */ = {
			isa = XCBuildConfiguration;
			buildSettings = {
				ASSETCATALOG_COMPILER_APPICON_NAME = AppIcon;
				ASSETCATALOG_COMPILER_GLOBAL_ACCENT_COLOR_NAME = AccentColor;
				CODE_SIGN_STYLE = Automatic;
				CURRENT_PROJECT_VERSION = 1;
				DEVELOPMENT_TEAM = 8U9QKAL8QW;
				GENERATE_INFOPLIST_FILE = YES;
				INFOPLIST_FILE = Resources/Info.plist;
				INFOPLIST_KEY_UIApplicationSupportsIndirectInputEvents = YES;
				INFOPLIST_KEY_UILaunchStoryboardName = LaunchScreen;
				INFOPLIST_KEY_UIMainStoryboardFile = Main;
				INFOPLIST_KEY_UISupportedInterfaceOrientations_iPad = "UIInterfaceOrientationPortrait UIInterfaceOrientationPortraitUpsideDown UIInterfaceOrientationLandscapeLeft UIInterfaceOrientationLandscapeRight";
				INFOPLIST_KEY_UISupportedInterfaceOrientations_iPhone = "UIInterfaceOrientationPortrait UIInterfaceOrientationLandscapeLeft UIInterfaceOrientationLandscapeRight";
				IPHONEOS_DEPLOYMENT_TARGET = 14.0;
				LD_RUNPATH_SEARCH_PATHS = (
					"$(inherited)",
					"@executable_path/Frameworks",
				);
				MARKETING_VERSION = 1.0;
				PRODUCT_BUNDLE_IDENTIFIER = devexp.TableViewContacts;
				PRODUCT_NAME = "$(TARGET_NAME)";
				SUPPORTED_PLATFORMS = "iphoneos iphonesimulator";
				SUPPORTS_MACCATALYST = NO;
				SUPPORTS_MAC_DESIGNED_FOR_IPHONE_IPAD = NO;
				SWIFT_EMIT_LOC_STRINGS = YES;
				SWIFT_VERSION = 5.0;
				TARGETED_DEVICE_FAMILY = "1,2";
			};
			name = Debug;
		};
		924FCEEF29A11CCC0093B7DF /* Release */ = {
			isa = XCBuildConfiguration;
			buildSettings = {
				ASSETCATALOG_COMPILER_APPICON_NAME = AppIcon;
				ASSETCATALOG_COMPILER_GLOBAL_ACCENT_COLOR_NAME = AccentColor;
				CODE_SIGN_STYLE = Automatic;
				CURRENT_PROJECT_VERSION = 1;
				DEVELOPMENT_TEAM = 8U9QKAL8QW;
				GENERATE_INFOPLIST_FILE = YES;
				INFOPLIST_FILE = Resources/Info.plist;
				INFOPLIST_KEY_UIApplicationSupportsIndirectInputEvents = YES;
				INFOPLIST_KEY_UILaunchStoryboardName = LaunchScreen;
				INFOPLIST_KEY_UIMainStoryboardFile = Main;
				INFOPLIST_KEY_UISupportedInterfaceOrientations_iPad = "UIInterfaceOrientationPortrait UIInterfaceOrientationPortraitUpsideDown UIInterfaceOrientationLandscapeLeft UIInterfaceOrientationLandscapeRight";
				INFOPLIST_KEY_UISupportedInterfaceOrientations_iPhone = "UIInterfaceOrientationPortrait UIInterfaceOrientationLandscapeLeft UIInterfaceOrientationLandscapeRight";
				IPHONEOS_DEPLOYMENT_TARGET = 14.0;
				LD_RUNPATH_SEARCH_PATHS = (
					"$(inherited)",
					"@executable_path/Frameworks",
				);
				MARKETING_VERSION = 1.0;
				PRODUCT_BUNDLE_IDENTIFIER = devexp.TableViewContacts;
				PRODUCT_NAME = "$(TARGET_NAME)";
				SUPPORTED_PLATFORMS = "iphoneos iphonesimulator";
				SUPPORTS_MACCATALYST = NO;
				SUPPORTS_MAC_DESIGNED_FOR_IPHONE_IPAD = NO;
				SWIFT_EMIT_LOC_STRINGS = YES;
				SWIFT_VERSION = 5.0;
				TARGETED_DEVICE_FAMILY = "1,2";
			};
			name = Release;
		};
/* End XCBuildConfiguration section */

/* Begin XCConfigurationList section */
		924FCED429A11CCB0093B7DF /* Build configuration list for PBXProject "TableViewContacts" */ = {
			isa = XCConfigurationList;
			buildConfigurations = (
				924FCEEB29A11CCC0093B7DF /* Debug */,
				924FCEEC29A11CCC0093B7DF /* Release */,
			);
			defaultConfigurationIsVisible = 0;
			defaultConfigurationName = Release;
		};
		924FCEED29A11CCC0093B7DF /* Build configuration list for PBXNativeTarget "TableViewContacts" */ = {
			isa = XCConfigurationList;
			buildConfigurations = (
				924FCEEE29A11CCC0093B7DF /* Debug */,
				924FCEEF29A11CCC0093B7DF /* Release */,
			);
			defaultConfigurationIsVisible = 0;
			defaultConfigurationName = Release;
		};
/* End XCConfigurationList section */
	};
	rootObject = 924FCED129A11CCB0093B7DF /* Project object */;
}
